
Microsoft Visual Studio Solution File, Format Version 12.00
# Visual Studio Version 16
VisualStudioVersion = 16.0.29806.167
MinimumVisualStudioVersion = 10.0.40219.1
Project("{FAE04EC0-301F-11D3-BF4B-00C04F79EFBC}") = "BGStopwatch.Android", "BGStopwatch.Android\BGStopwatch.Android.csproj", "{C8E00BDE-5871-4768-B310-52FAA836CC9B}"
EndProject
Project("{FAE04EC0-301F-11D3-BF4B-00C04F79EFBC}") = "BGStopwatch.iOS", "BGStopwatch.iOS\BGStopwatch.iOS.csproj", "{6FE3153C-BB22-4070-9A4C-DD2CBC853087}"
EndProject
Project("{9A19103F-16F7-4668-BE54-9A1E7A4F7556}") = "BGStopwatch", "BGStopwatch\BGStopwatch.csproj", "{557BE6D6-0E43-425D-87A9-B692BA2A4721}"
EndProject
Project("{FAE04EC0-301F-11D3-BF4B-00C04F79EFBC}") = "SplashActivityBase.Android", "SplashActivityBase.Android\SplashActivityBase.Android.csproj", "{4789BB0F-62FA-4F45-8952-AFB4E742A1F0}"
EndProject
Global
	GlobalSection(SolutionConfigurationPlatforms) = preSolution
		Debug|Any CPU = Debug|Any CPU
		Debug|iPhone = Debug|iPhone
		Debug|iPhoneSimulator = Debug|iPhoneSimulator
		Release|Any CPU = Release|Any CPU
		Release|iPhone = Release|iPhone
		Release|iPhoneSimulator = Release|iPhoneSimulator
	EndGlobalSection
	GlobalSection(ProjectConfigurationPlatforms) = postSolution
		{C8E00BDE-5871-4768-B310-52FAA836CC9B}.Debug|Any CPU.ActiveCfg = Debug|Any CPU
		{C8E00BDE-5871-4768-B310-52FAA836CC9B}.Debug|Any CPU.Build.0 = Debug|Any CPU
		{C8E00BDE-5871-4768-B310-52FAA836CC9B}.Debug|Any CPU.Deploy.0 = Debug|Any CPU
		{C8E00BDE-5871-4768-B310-52FAA836CC9B}.Debug|iPhone.ActiveCfg = Debug|Any CPU
		{C8E00BDE-5871-4768-B310-52FAA836CC9B}.Debug|iPhone.Build.0 = Debug|Any CPU
		{C8E00BDE-5871-4768-B310-52FAA836CC9B}.Debug|iPhone.Deploy.0 = Debug|Any CPU
		{C8E00BDE-5871-4768-B310-52FAA836CC9B}.Debug|iPhoneSimulator.ActiveCfg = Debug|Any CPU
		{C8E00BDE-5871-4768-B310-52FAA836CC9B}.Debug|iPhoneSimulator.Build.0 = Debug|Any CPU
		{C8E00BDE-5871-4768-B310-52FAA836CC9B}.Debug|iPhoneSimulator.Deploy.0 = Debug|Any CPU
		{C8E00BDE-5871-4768-B310-52FAA836CC9B}.Release|Any CPU.ActiveCfg = Release|Any CPU
		{C8E00BDE-5871-4768-B310-52FAA836CC9B}.Release|Any CPU.Build.0 = Release|Any CPU
		{C8E00BDE-5871-4768-B310-52FAA836CC9B}.Release|Any CPU.Deploy.0 = Release|Any CPU
		{C8E00BDE-5871-4768-B310-52FAA836CC9B}.Release|iPhone.ActiveCfg = Release|Any CPU
		{C8E00BDE-5871-4768-B310-52FAA836CC9B}.Release|iPhone.Build.0 = Release|Any CPU
		{C8E00BDE-5871-4768-B310-52FAA836CC9B}.Release|iPhone.Deploy.0 = Release|Any CPU
		{C8E00BDE-5871-4768-B310-52FAA836CC9B}.Release|iPhoneSimulator.ActiveCfg = Release|Any CPU
		{C8E00BDE-5871-4768-B310-52FAA836CC9B}.Release|iPhoneSimulator.Build.0 = Release|Any CPU
		{C8E00BDE-5871-4768-B310-52FAA836CC9B}.Release|iPhoneSimulator.Deploy.0 = Release|Any CPU
		{6FE3153C-BB22-4070-9A4C-DD2CBC853087}.Debug|Any CPU.ActiveCfg = Debug|iPhoneSimulator
		{6FE3153C-BB22-4070-9A4C-DD2CBC853087}.Debug|Any CPU.Build.0 = Debug|iPhoneSimulator
		{6FE3153C-BB22-4070-9A4C-DD2CBC853087}.Debug|Any CPU.Deploy.0 = Debug|iPhoneSimulator
		{6FE3153C-BB22-4070-9A4C-DD2CBC853087}.Debug|iPhone.ActiveCfg = Debug|iPhone
		{6FE3153C-BB22-4070-9A4C-DD2CBC853087}.Debug|iPhone.Build.0 = Debug|iPhone
		{6FE3153C-BB22-4070-9A4C-DD2CBC853087}.Debug|iPhone.Deploy.0 = Debug|iPhone
		{6FE3153C-BB22-4070-9A4C-DD2CBC853087}.Debug|iPhoneSimulator.ActiveCfg = Debug|iPhoneSimulator
		{6FE3153C-BB22-4070-9A4C-DD2CBC853087}.Debug|iPhoneSimulator.Build.0 = Debug|iPhoneSimulator
		{6FE3153C-BB22-4070-9A4C-DD2CBC853087}.Debug|iPhoneSimulator.Deploy.0 = Debug|iPhoneSimulator
		{6FE3153C-BB22-4070-9A4C-DD2CBC853087}.Release|Any CPU.ActiveCfg = Release|iPhone
		{6FE3153C-BB22-4070-9A4C-DD2CBC853087}.Release|Any CPU.Build.0 = Release|iPhone
		{6FE3153C-BB22-4070-9A4C-DD2CBC853087}.Release|Any CPU.Deploy.0 = Release|iPhone
		{6FE3153C-BB22-4070-9A4C-DD2CBC853087}.Release|iPhone.ActiveCfg = Release|iPhone
		{6FE3153C-BB22-4070-9A4C-DD2CBC853087}.Release|iPhone.Build.0 = Release|iPhone
		{6FE3153C-BB22-4070-9A4C-DD2CBC853087}.Release|iPhone.Deploy.0 = Release|iPhone
		{6FE3153C-BB22-4070-9A4C-DD2CBC853087}.Release|iPhoneSimulator.ActiveCfg = Release|iPhoneSimulator
		{6FE3153C-BB22-4070-9A4C-DD2CBC853087}.Release|iPhoneSimulator.Build.0 = Release|iPhoneSimulator
		{6FE3153C-BB22-4070-9A4C-DD2CBC853087}.Release|iPhoneSimulator.Deploy.0 = Release|iPhoneSimulator
		{557BE6D6-0E43-425D-87A9-B692BA2A4721}.Debug|Any CPU.ActiveCfg = Debug|Any CPU
		{557BE6D6-0E43-425D-87A9-B692BA2A4721}.Debug|Any CPU.Build.0 = Debug|Any CPU
		{557BE6D6-0E43-425D-87A9-B692BA2A4721}.Debug|Any CPU.Deploy.0 = Debug|Any CPU
		{557BE6D6-0E43-425D-87A9-B692BA2A4721}.Debug|iPhone.ActiveCfg = Debug|Any CPU
		{557BE6D6-0E43-425D-87A9-B692BA2A4721}.Debug|iPhone.Build.0 = Debug|Any CPU
		{557BE6D6-0E43-425D-87A9-B692BA2A4721}.Debug|iPhone.Deploy.0 = Debug|Any CPU
		{557BE6D6-0E43-425D-87A9-B692BA2A4721}.Debug|iPhoneSimulator.ActiveCfg = Debug|Any CPU
		{557BE6D6-0E43-425D-87A9-B692BA2A4721}.Debug|iPhoneSimulator.Build.0 = Debug|Any CPU
		{557BE6D6-0E43-425D-87A9-B692BA2A4721}.Debug|iPhoneSimulator.Deploy.0 = Debug|Any CPU
		{557BE6D6-0E43-425D-87A9-B692BA2A4721}.Release|Any CPU.ActiveCfg = Release|Any CPU
		{557BE6D6-0E43-425D-87A9-B692BA2A4721}.Release|Any CPU.Build.0 = Release|Any CPU
		{557BE6D6-0E43-425D-87A9-B692BA2A4721}.Release|Any CPU.Deploy.0 = Release|Any CPU
		{557BE6D6-0E43-425D-87A9-B692BA2A4721}.Release|iPhone.ActiveCfg = Release|Any CPU
		{557BE6D6-0E43-425D-87A9-B692BA2A4721}.Release|iPhone.Build.0 = Release|Any CPU
		{557BE6D6-0E43-425D-87A9-B692BA2A4721}.Release|iPhone.Deploy.0 = Release|Any CPU
		{557BE6D6-0E43-425D-87A9-B692BA2A4721}.Release|iPhoneSimulator.ActiveCfg = Release|Any CPU
		{557BE6D6-0E43-425D-87A9-B692BA2A4721}.Release|iPhoneSimulator.Build.0 = Release|Any CPU
		{557BE6D6-0E43-425D-87A9-B692BA2A4721}.Release|iPhoneSimulator.Deploy.0 = Release|Any CPU
		{4789BB0F-62FA-4F45-8952-AFB4E742A1F0}.Debug|Any CPU.ActiveCfg = Debug|Any CPU
		{4789BB0F-62FA-4F45-8952-AFB4E742A1F0}.Debug|Any CPU.Build.0 = Debug|Any CPU
		{4789BB0F-62FA-4F45-8952-AFB4E742A1F0}.Debug|iPhone.ActiveCfg = Debug|Any CPU
		{4789BB0F-62FA-4F45-8952-AFB4E742A1F0}.Debug|iPhone.Build.0 = Debug|Any CPU
		{4789BB0F-62FA-4F45-8952-AFB4E742A1F0}.Debug|iPhoneSimulator.ActiveCfg = Debug|Any CPU
		{4789BB0F-62FA-4F45-8952-AFB4E742A1F0}.Debug|iPhoneSimulator.Build.0 = Debug|Any CPU
		{4789BB0F-62FA-4F45-8952-AFB4E742A1F0}.Release|Any CPU.ActiveCfg = Release|Any CPU
		{4789BB0F-62FA-4F45-8952-AFB4E742A1F0}.Release|Any CPU.Build.0 = Release|Any CPU
		{4789BB0F-62FA-4F45-8952-AFB4E742A1F0}.Release|iPhone.ActiveCfg = Release|Any CPU
		{4789BB0F-62FA-4F45-8952-AFB4E742A1F0}.Release|iPhone.Build.0 = Release|Any CPU
		{4789BB0F-62FA-4F45-8952-AFB4E742A1F0}.Release|iPhoneSimulator.ActiveCfg = Release|Any CPU
		{4789BB0F-62FA-4F45-8952-AFB4E742A1F0}.Release|iPhoneSimulator.Build.0 = Release|Any CPU
	EndGlobalSection
	GlobalSection(SolutionProperties) = preSolution
		HideSolutionNode = FALSE
	EndGlobalSection
	GlobalSection(ExtensibilityGlobals) = postSolution
		SolutionGuid = {93BFDD87-F5F5-4AC1-9BA3-51BD3581665B}
	EndGlobalSection
EndGlobal
